
Microsoft Visual Studio Solution File, Format Version 12.00
# Visual Studio Version 17
VisualStudioVersion = 17.3.32922.545
MinimumVisualStudioVersion = 10.0.40219.1
Project("{FAE04EC0-301F-11D3-BF4B-00C04F79EFBC}") = "Area and Perimeter", "Area and Perimeter\Area and Perimeter.csproj", "{34A5EBF8-A0BD-4C1E-945E-2524F7935C18}"
EndProject
Global
	GlobalSection(SolutionConfigurationPlatforms) = preSolution
		Debug|Any CPU = Debug|Any CPU
		Release|Any CPU = Release|Any CPU
	EndGlobalSection
	GlobalSection(ProjectConfigurationPlatforms) = postSolution
		{34A5EBF8-A0BD-4C1E-945E-2524F7935C18}.Debug|Any CPU.ActiveCfg = Debug|Any CPU
		{34A5EBF8-A0BD-4C1E-945E-2524F7935C18}.Debug|Any CPU.Build.0 = Debug|Any CPU
		{34A5EBF8-A0BD-4C1E-945E-2524F7935C18}.Release|Any CPU.ActiveCfg = Release|Any CPU
		{34A5EBF8-A0BD-4C1E-945E-2524F7935C18}.Release|Any CPU.Build.0 = Release|Any CPU
	EndGlobalSection
	GlobalSection(SolutionProperties) = preSolution
		HideSolutionNode = FALSE
	EndGlobalSection
	GlobalSection(ExtensibilityGlobals) = postSolution
		SolutionGuid = {9CE2971B-C311-435B-8072-CAC19D6F6BA2}
	EndGlobalSection
EndGlobal
